
Microsoft Visual Studio Solution File, Format Version 12.00
# Visual Studio Version 17
VisualStudioVersion = 17.1.32328.378
MinimumVisualStudioVersion = 10.0.40219.1
Project("{9A19103F-16F7-4668-BE54-9A1E7A4F7556}") = "Employee_wage_Computation", "HelloWorld\Employee_wage_Computation.csproj", "{27D2FFA5-7BCD-40E3-98B4-1A0A9D0575CC}"
EndProject
Global
	GlobalSection(SolutionConfigurationPlatforms) = preSolution
		Debug|Any CPU = Debug|Any CPU
		Release|Any CPU = Release|Any CPU
	EndGlobalSection
	GlobalSection(ProjectConfigurationPlatforms) = postSolution
		{27D2FFA5-7BCD-40E3-98B4-1A0A9D0575CC}.Debug|Any CPU.ActiveCfg = Debug|Any CPU
		{27D2FFA5-7BCD-40E3-98B4-1A0A9D0575CC}.Debug|Any CPU.Build.0 = Debug|Any CPU
		{27D2FFA5-7BCD-40E3-98B4-1A0A9D0575CC}.Release|Any CPU.ActiveCfg = Release|Any CPU
		{27D2FFA5-7BCD-40E3-98B4-1A0A9D0575CC}.Release|Any CPU.Build.0 = Release|Any CPU
	EndGlobalSection
	GlobalSection(SolutionProperties) = preSolution
		HideSolutionNode = FALSE
	EndGlobalSection
	GlobalSection(ExtensibilityGlobals) = postSolution
		SolutionGuid = {B72C0A4B-1B26-44EA-AA10-5121A1B5AD60}
	EndGlobalSection
EndGlobal
